
Microsoft Visual Studio Solution File, Format Version 12.00
# Visual Studio Version 16
VisualStudioVersion = 16.0.30503.244
MinimumVisualStudioVersion = 10.0.40219.1
Project("{FAE04EC0-301F-11D3-BF4B-00C04F79EFBC}") = "Gestion_empleados", "Gestion_empleados.csproj", "{5010B7F6-2192-4150-9A5E-B4DB6E319FEB}"
EndProject
Global
	GlobalSection(SolutionConfigurationPlatforms) = preSolution
		Debug|Any CPU = Debug|Any CPU
		Release|Any CPU = Release|Any CPU
	EndGlobalSection
	GlobalSection(ProjectConfigurationPlatforms) = postSolution
		{5010B7F6-2192-4150-9A5E-B4DB6E319FEB}.Debug|Any CPU.ActiveCfg = Debug|Any CPU
		{5010B7F6-2192-4150-9A5E-B4DB6E319FEB}.Debug|Any CPU.Build.0 = Debug|Any CPU
		{5010B7F6-2192-4150-9A5E-B4DB6E319FEB}.Release|Any CPU.ActiveCfg = Release|Any CPU
		{5010B7F6-2192-4150-9A5E-B4DB6E319FEB}.Release|Any CPU.Build.0 = Release|Any CPU
	EndGlobalSection
	GlobalSection(SolutionProperties) = preSolution
		HideSolutionNode = FALSE
	EndGlobalSection
	GlobalSection(ExtensibilityGlobals) = postSolution
		SolutionGuid = {83357485-4E2F-4A09-8342-957BAC711245}
	EndGlobalSection
EndGlobal
